// !$*UTF8*$!
{
	archiveVersion = 1;
	classes = {
	};
	objectVersion = 46;
	objects = {

/* Begin PBXBuildFile section */
		22FA64B31F69BAC3000CF9C6 /* main.cpp in Sources */ = {isa = PBXBuildFile; fileRef = 22FA64B21F69BAC3000CF9C6 /* main.cpp */; };
		22FA64BB1F69BAE4000CF9C6 /* RandomVariable.cpp in Sources */ = {isa = PBXBuildFile; fileRef = 22FA64B91F69BAE4000CF9C6 /* RandomVariable.cpp */; };
		22FA64BE1F69BE27000CF9C6 /* Node.cpp in Sources */ = {isa = PBXBuildFile; fileRef = 22FA64BC1F69BE27000CF9C6 /* Node.cpp */; };
		22FA64C11F69C190000CF9C6 /* Tree.cpp in Sources */ = {isa = PBXBuildFile; fileRef = 22FA64BF1F69C190000CF9C6 /* Tree.cpp */; };
/* End PBXBuildFile section */

/* Begin PBXCopyFilesBuildPhase section */
		22FA64AD1F69BAC3000CF9C6 /* CopyFiles */ = {
			isa = PBXCopyFilesBuildPhase;
			buildActionMask = 2147483647;
			dstPath = /usr/share/man/man1/;
			dstSubfolderSpec = 0;
			files = (
			);
			runOnlyForDeploymentPostprocessing = 1;
		};
/* End PBXCopyFilesBuildPhase section */

/* Begin PBXFileReference section */
		22FA64AF1F69BAC3000CF9C6 /* CompBiol2 */ = {isa = PBXFileReference; explicitFileType = "compiled.mach-o.executable"; includeInIndex = 0; path = CompBiol2; sourceTree = BUILT_PRODUCTS_DIR; };
		22FA64B21F69BAC3000CF9C6 /* main.cpp */ = {isa = PBXFileReference; lastKnownFileType = sourcecode.cpp.cpp; path = main.cpp; sourceTree = "<group>"; };
		22FA64B91F69BAE4000CF9C6 /* RandomVariable.cpp */ = {isa = PBXFileReference; fileEncoding = 4; lastKnownFileType = sourcecode.cpp.cpp; path = RandomVariable.cpp; sourceTree = "<group>"; };
		22FA64BA1F69BAE4000CF9C6 /* RandomVariable.h */ = {isa = PBXFileReference; fileEncoding = 4; lastKnownFileType = sourcecode.c.h; path = RandomVariable.h; sourceTree = "<group>"; };
		22FA64BC1F69BE27000CF9C6 /* Node.cpp */ = {isa = PBXFileReference; fileEncoding = 4; lastKnownFileType = sourcecode.cpp.cpp; path = Node.cpp; sourceTree = "<group>"; };
		22FA64BD1F69BE27000CF9C6 /* Node.h */ = {isa = PBXFileReference; fileEncoding = 4; lastKnownFileType = sourcecode.c.h; path = Node.h; sourceTree = "<group>"; };
		22FA64BF1F69C190000CF9C6 /* Tree.cpp */ = {isa = PBXFileReference; fileEncoding = 4; lastKnownFileType = sourcecode.cpp.cpp; path = Tree.cpp; sourceTree = "<group>"; };
		22FA64C01F69C190000CF9C6 /* Tree.h */ = {isa = PBXFileReference; fileEncoding = 4; lastKnownFileType = sourcecode.c.h; path = Tree.h; sourceTree = "<group>"; };
/* End PBXFileReference section */

/* Begin PBXFrameworksBuildPhase section */
		22FA64AC1F69BAC3000CF9C6 /* Frameworks */ = {
			isa = PBXFrameworksBuildPhase;
			buildActionMask = 2147483647;
			files = (
			);
			runOnlyForDeploymentPostprocessing = 0;
		};
/* End PBXFrameworksBuildPhase section */

/* Begin PBXGroup section */
		22FA64A61F69BAC3000CF9C6 = {
			isa = PBXGroup;
			children = (
				22FA64B11F69BAC3000CF9C6 /* CompBiol2 */,
				22FA64B01F69BAC3000CF9C6 /* Products */,
			);
			sourceTree = "<group>";
		};
		22FA64B01F69BAC3000CF9C6 /* Products */ = {
			isa = PBXGroup;
			children = (
				22FA64AF1F69BAC3000CF9C6 /* CompBiol2 */,
			);
			name = Products;
			sourceTree = "<group>";
		};
		22FA64B11F69BAC3000CF9C6 /* CompBiol2 */ = {
			isa = PBXGroup;
			children = (
				22FA64B21F69BAC3000CF9C6 /* main.cpp */,
				22FA64B91F69BAE4000CF9C6 /* RandomVariable.cpp */,
				22FA64BA1F69BAE4000CF9C6 /* RandomVariable.h */,
				22FA64BC1F69BE27000CF9C6 /* Node.cpp */,
				22FA64BD1F69BE27000CF9C6 /* Node.h */,
				22FA64BF1F69C190000CF9C6 /* Tree.cpp */,
				22FA64C01F69C190000CF9C6 /* Tree.h */,
			);
			path = CompBiol2;
			sourceTree = "<group>";
		};
/* End PBXGroup section */

/* Begin PBXNativeTarget section */
		22FA64AE1F69BAC3000CF9C6 /* CompBiol2 */ = {
			isa = PBXNativeTarget;
			buildConfigurationList = 22FA64B61F69BAC3000CF9C6 /* Build configuration list for PBXNativeTarget "CompBiol2" */;
			buildPhases = (
				22FA64AB1F69BAC3000CF9C6 /* Sources */,
				22FA64AC1F69BAC3000CF9C6 /* Frameworks */,
				22FA64AD1F69BAC3000CF9C6 /* CopyFiles */,
			);
			buildRules = (
			);
			dependencies = (
			);
			name = CompBiol2;
			productName = CompBiol2;
			productReference = 22FA64AF1F69BAC3000CF9C6 /* CompBiol2 */;
			productType = "com.apple.product-type.tool";
		};
/* End PBXNativeTarget section */

/* Begin PBXProject section */
		22FA64A71F69BAC3000CF9C6 /* Project object */ = {
			isa = PBXProject;
			attributes = {
				LastUpgradeCheck = 0830;
				ORGANIZATIONNAME = "TiJo Software";
				TargetAttributes = {
					22FA64AE1F69BAC3000CF9C6 = {
						CreatedOnToolsVersion = 8.3.3;
						ProvisioningStyle = Automatic;
					};
				};
			};
			buildConfigurationList = 22FA64AA1F69BAC3000CF9C6 /* Build configuration list for PBXProject "CompBiol2" */;
			compatibilityVersion = "Xcode 3.2";
			developmentRegion = English;
			hasScannedForEncodings = 0;
			knownRegions = (
				en,
			);
			mainGroup = 22FA64A61F69BAC3000CF9C6;
			productRefGroup = 22FA64B01F69BAC3000CF9C6 /* Products */;
			projectDirPath = "";
			projectRoot = "";
			targets = (
				22FA64AE1F69BAC3000CF9C6 /* CompBiol2 */,
			);
		};
/* End PBXProject section */

/* Begin PBXSourcesBuildPhase section */
		22FA64AB1F69BAC3000CF9C6 /* Sources */ = {
			isa = PBXSourcesBuildPhase;
			buildActionMask = 2147483647;
			files = (
				22FA64BE1F69BE27000CF9C6 /* Node.cpp in Sources */,
				22FA64C11F69C190000CF9C6 /* Tree.cpp in Sources */,
				22FA64BB1F69BAE4000CF9C6 /* RandomVariable.cpp in Sources */,
				22FA64B31F69BAC3000CF9C6 /* main.cpp in Sources */,
			);
			runOnlyForDeploymentPostprocessing = 0;
		};
/* End PBXSourcesBuildPhase section */

/* Begin XCBuildConfiguration section */
		22FA64B41F69BAC3000CF9C6 /* Debug */ = {
			isa = XCBuildConfiguration;
			buildSettings = {
				ALWAYS_SEARCH_USER_PATHS = NO;
				CLANG_ANALYZER_NONNULL = YES;
				CLANG_ANALYZER_NUMBER_OBJECT_CONVERSION = YES_AGGRESSIVE;
				CLANG_CXX_LANGUAGE_STANDARD = "gnu++0x";
				CLANG_CXX_LIBRARY = "libc++";
				CLANG_ENABLE_MODULES = YES;
				CLANG_ENABLE_OBJC_ARC = YES;
				CLANG_WARN_BOOL_CONVERSION = YES;
				CLANG_WARN_CONSTANT_CONVERSION = YES;
				CLANG_WARN_DIRECT_OBJC_ISA_USAGE = YES_ERROR;
				CLANG_WARN_DOCUMENTATION_COMMENTS = YES;
				CLANG_WARN_EMPTY_BODY = YES;
				CLANG_WARN_ENUM_CONVERSION = YES;
				CLANG_WARN_INFINITE_RECURSION = YES;
				CLANG_WARN_INT_CONVERSION = YES;
				CLANG_WARN_OBJC_ROOT_CLASS = YES_ERROR;
				CLANG_WARN_SUSPICIOUS_MOVE = YES;
				CLANG_WARN_UNREACHABLE_CODE = YES;
				CLANG_WARN__DUPLICATE_METHOD_MATCH = YES;
				CODE_SIGN_IDENTITY = "-";
				COPY_PHASE_STRIP = NO;
				DEBUG_INFORMATION_FORMAT = dwarf;
				ENABLE_STRICT_OBJC_MSGSEND = YES;
				ENABLE_TESTABILITY = YES;
				GCC_C_LANGUAGE_STANDARD = gnu99;
				GCC_DYNAMIC_NO_PIC = NO;
				GCC_NO_COMMON_BLOCKS = YES;
				GCC_OPTIMIZATION_LEVEL = 0;
				GCC_PREPROCESSOR_DEFINITIONS = (
					"DEBUG=1",
					"$(inherited)",
				);
				GCC_WARN_64_TO_32_BIT_CONVERSION = YES;
				GCC_WARN_ABOUT_RETURN_TYPE = YES_ERROR;
				GCC_WARN_UNDECLARED_SELECTOR = YES;
				GCC_WARN_UNINITIALIZED_AUTOS = YES_AGGRESSIVE;
				GCC_WARN_UNUSED_FUNCTION = YES;
				GCC_WARN_UNUSED_VARIABLE = YES;
				MACOSX_DEPLOYMENT_TARGET = 10.12;
				MTL_ENABLE_DEBUG_INFO = YES;
				ONLY_ACTIVE_ARCH = YES;
				SDKROOT = macosx;
			};
			name = Debug;
		};
		22FA64B51F69BAC3000CF9C6 /* Release */ = {
			isa = XCBuildConfiguration;
			buildSettings = {
				ALWAYS_SEARCH_USER_PATHS = NO;
				CLANG_ANALYZER_NONNULL = YES;
				CLANG_ANALYZER_NUMBER_OBJECT_CONVERSION = YES_AGGRESSIVE;
				CLANG_CXX_LANGUAGE_STANDARD = "gnu++0x";
				CLANG_CXX_LIBRARY = "libc++";
				CLANG_ENABLE_MODULES = YES;
				CLANG_ENABLE_OBJC_ARC = YES;
				CLANG_WARN_BOOL_CONVERSION = YES;
				CLANG_WARN_CONSTANT_CONVERSION = YES;
				CLANG_WARN_DIRECT_OBJC_ISA_USAGE = YES_ERROR;
				CLANG_WARN_DOCUMENTATION_COMMENTS = YES;
				CLANG_WARN_EMPTY_BODY = YES;
				CLANG_WARN_ENUM_CONVERSION = YES;
				CLANG_WARN_INFINITE_RECURSION = YES;
				CLANG_WARN_INT_CONVERSION = YES;
				CLANG_WARN_OBJC_ROOT_CLASS = YES_ERROR;
				CLANG_WARN_SUSPICIOUS_MOVE = YES;
				CLANG_WARN_UNREACHABLE_CODE = YES;
				CLANG_WARN__DUPLICATE_METHOD_MATCH = YES;
				CODE_SIGN_IDENTITY = "-";
				COPY_PHASE_STRIP = NO;
				DEBUG_INFORMATION_FORMAT = "dwarf-with-dsym";
				ENABLE_NS_ASSERTIONS = NO;
				ENABLE_STRICT_OBJC_MSGSEND = YES;
				GCC_C_LANGUAGE_STANDARD = gnu99;
				GCC_NO_COMMON_BLOCKS = YES;
				GCC_WARN_64_TO_32_BIT_CONVERSION = YES;
				GCC_WARN_ABOUT_RETURN_TYPE = YES_ERROR;
				GCC_WARN_UNDECLARED_SELECTOR = YES;
				GCC_WARN_UNINITIALIZED_AUTOS = YES_AGGRESSIVE;
				GCC_WARN_UNUSED_FUNCTION = YES;
				GCC_WARN_UNUSED_VARIABLE = YES;
				MACOSX_DEPLOYMENT_TARGET = 10.12;
				MTL_ENABLE_DEBUG_INFO = NO;
				SDKROOT = macosx;
			};
			name = Release;
		};
		22FA64B71F69BAC3000CF9C6 /* Debug */ = {
			isa = XCBuildConfiguration;
			buildSettings = {
				PRODUCT_NAME = "$(TARGET_NAME)";
			};
			name = Debug;
		};
		22FA64B81F69BAC3000CF9C6 /* Release */ = {
			isa = XCBuildConfiguration;
			buildSettings = {
				PRODUCT_NAME = "$(TARGET_NAME)";
			};
			name = Release;
		};
/* End XCBuildConfiguration section */

/* Begin XCConfigurationList section */
		22FA64AA1F69BAC3000CF9C6 /* Build configuration list for PBXProject "CompBiol2" */ = {
			isa = XCConfigurationList;
			buildConfigurations = (
				22FA64B41F69BAC3000CF9C6 /* Debug */,
				22FA64B51F69BAC3000CF9C6 /* Release */,
			);
			defaultConfigurationIsVisible = 0;
			defaultConfigurationName = Release;
		};
		22FA64B61F69BAC3000CF9C6 /* Build configuration list for PBXNativeTarget "CompBiol2" */ = {
			isa = XCConfigurationList;
			buildConfigurations = (
				22FA64B71F69BAC3000CF9C6 /* Debug */,
				22FA64B81F69BAC3000CF9C6 /* Release */,
			);
			defaultConfigurationIsVisible = 0;
		};
/* End XCConfigurationList section */
	};
	rootObject = 22FA64A71F69BAC3000CF9C6 /* Project object */;
}
